
Microsoft Visual Studio Solution File, Format Version 12.00
Project("{FAE04EC0-301F-11D3-BF4B-00C04F79EFBC}") = "IspRipCore", "IspRipCore\IspRipCore.csproj", "{E4779B96-8D89-41DC-A67A-D13F12F27A1C}"
EndProject
Global
	GlobalSection(SolutionConfigurationPlatforms) = preSolution
		Debug|Any CPU = Debug|Any CPU
		Release|Any CPU = Release|Any CPU
	EndGlobalSection
	GlobalSection(ProjectConfigurationPlatforms) = postSolution
		{E4779B96-8D89-41DC-A67A-D13F12F27A1C}.Debug|Any CPU.ActiveCfg = Debug|Any CPU
		{E4779B96-8D89-41DC-A67A-D13F12F27A1C}.Debug|Any CPU.Build.0 = Debug|Any CPU
		{E4779B96-8D89-41DC-A67A-D13F12F27A1C}.Release|Any CPU.ActiveCfg = Release|Any CPU
		{E4779B96-8D89-41DC-A67A-D13F12F27A1C}.Release|Any CPU.Build.0 = Release|Any CPU
	EndGlobalSection
EndGlobal
